
Microsoft Visual Studio Solution File, Format Version 12.00
# Visual Studio Version 16
VisualStudioVersion = 16.0.29905.134
MinimumVisualStudioVersion = 10.0.40219.1
Project("{FAE04EC0-301F-11D3-BF4B-00C04F79EFBC}") = "CensusAnalyser", "CensusAnalyser\CensusAnalyser.csproj", "{9EEE8C6E-9BC1-4977-B538-38D0CB218501}"
EndProject
Global
	GlobalSection(SolutionConfigurationPlatforms) = preSolution
		Debug|Any CPU = Debug|Any CPU
		Release|Any CPU = Release|Any CPU
	EndGlobalSection
	GlobalSection(ProjectConfigurationPlatforms) = postSolution
		{9EEE8C6E-9BC1-4977-B538-38D0CB218501}.Debug|Any CPU.ActiveCfg = Debug|Any CPU
		{9EEE8C6E-9BC1-4977-B538-38D0CB218501}.Debug|Any CPU.Build.0 = Debug|Any CPU
		{9EEE8C6E-9BC1-4977-B538-38D0CB218501}.Release|Any CPU.ActiveCfg = Release|Any CPU
		{9EEE8C6E-9BC1-4977-B538-38D0CB218501}.Release|Any CPU.Build.0 = Release|Any CPU
	EndGlobalSection
	GlobalSection(SolutionProperties) = preSolution
		HideSolutionNode = FALSE
	EndGlobalSection
	GlobalSection(ExtensibilityGlobals) = postSolution
		SolutionGuid = {C1E4ACD7-8926-4462-8D77-C1F73C1A0024}
	EndGlobalSection
EndGlobal
